// !$*UTF8*$!
{
	archiveVersion = 1;
	classes = {
	};
	objectVersion = 56;
	objects = {

/* Begin PBXBuildFile section */
		A40B31962B9DAAA300095AF5 /* aux.metal in Sources */ = {isa = PBXBuildFile; fileRef = A40B31952B9DAAA300095AF5 /* aux.metal */; };
		A40B31982B9F476800095AF5 /* gpu.swift in Sources */ = {isa = PBXBuildFile; fileRef = A40B31972B9F476800095AF5 /* gpu.swift */; };
		A40B319A2BA06D5800095AF5 /* info.plist in Resources */ = {isa = PBXBuildFile; fileRef = A40B31992BA06D5800095AF5 /* info.plist */; };
		A4260AED2BB0CC0900DB76DA /* playground.swift in Sources */ = {isa = PBXBuildFile; fileRef = A4260AEC2BB0CC0900DB76DA /* playground.swift */; };
		A4260AEF2BB1B16F00DB76DA /* tokeniser.swift in Sources */ = {isa = PBXBuildFile; fileRef = A4260AEE2BB1B16F00DB76DA /* tokeniser.swift */; };
		A429EFEF2BA81B7600B25B68 /* mps.swift in Sources */ = {isa = PBXBuildFile; fileRef = A429EFEE2BA81B7600B25B68 /* mps.swift */; };
		A433615D2BC41357006C12E9 /* tester.swift in Sources */ = {isa = PBXBuildFile; fileRef = A433615C2BC41357006C12E9 /* tester.swift */; };
		A433615F2BC414C4006C12E9 /* convert.swift in Sources */ = {isa = PBXBuildFile; fileRef = A433615E2BC414C4006C12E9 /* convert.swift */; };
		A43361612BC4203E006C12E9 /* convert.metal in Sources */ = {isa = PBXBuildFile; fileRef = A43361602BC4203E006C12E9 /* convert.metal */; };
		A43361632BC43E7E006C12E9 /* bucketMulQ8.swift in Sources */ = {isa = PBXBuildFile; fileRef = A43361622BC43E7E006C12E9 /* bucketMulQ8.swift */; };
		A43361652BC43E8C006C12E9 /* bucketMulQ8.metal in Sources */ = {isa = PBXBuildFile; fileRef = A43361642BC43E8C006C12E9 /* bucketMulQ8.metal */; };
		A43361672BC54BE5006C12E9 /* bucketMul.swift in Sources */ = {isa = PBXBuildFile; fileRef = A43361662BC54BE5006C12E9 /* bucketMul.swift */; };
		A43361692BC58FB5006C12E9 /* bucketMul.metal in Sources */ = {isa = PBXBuildFile; fileRef = A43361682BC58FB5006C12E9 /* bucketMul.metal */; };
		A433616B2BC5EA47006C12E9 /* wild.metal in Sources */ = {isa = PBXBuildFile; fileRef = A433616A2BC5EA47006C12E9 /* wild.metal */; };
		A43F8F982B6CF5C800578E56 /* loader.swift in Sources */ = {isa = PBXBuildFile; fileRef = A43F8F972B6CF5C800578E56 /* loader.swift */; };
		A445AABF2BAF5B63003AD4E7 /* archive.swift in Sources */ = {isa = PBXBuildFile; fileRef = A445AABE2BAF5B63003AD4E7 /* archive.swift */; };
		A456C2BD2BC7FC2500C7B79F /* expertMul.swift in Sources */ = {isa = PBXBuildFile; fileRef = A456C2BC2BC7FC2500C7B79F /* expertMul.swift */; };
		A456C2C02BC9129B00C7B79F /* bucketMulFaster.swift in Sources */ = {isa = PBXBuildFile; fileRef = A456C2BF2BC9129B00C7B79F /* bucketMulFaster.swift */; };
		A456C2C22BC912B700C7B79F /* bucketMulFaster.metal in Sources */ = {isa = PBXBuildFile; fileRef = A456C2C12BC912B700C7B79F /* bucketMulFaster.metal */; };
		A45C6C922BAEC56E004AE765 /* timeit.swift in Sources */ = {isa = PBXBuildFile; fileRef = A45C6C912BAEC56D004AE765 /* timeit.swift */; };
		A45D52FE2BC3DD87007E484D /* safetensors.swift in Sources */ = {isa = PBXBuildFile; fileRef = A45D52FD2BC3DD87007E484D /* safetensors.swift */; };
		A46F18E02BB76FAA00A630B4 /* bam.swift in Sources */ = {isa = PBXBuildFile; fileRef = A46F18DF2BB76FAA00A630B4 /* bam.swift */; };
		A4735A1F2BBAC8DF00E5AC05 /* tokeniser2.swift in Sources */ = {isa = PBXBuildFile; fileRef = A4735A1E2BBAC8DF00E5AC05 /* tokeniser2.swift */; };
		A4AB4DC52B6144350098B05D /* main.swift in Sources */ = {isa = PBXBuildFile; fileRef = A4AB4DC42B6144350098B05D /* main.swift */; };
		A4CE9F6F2B626DB500910766 /* model.swift in Sources */ = {isa = PBXBuildFile; fileRef = A4CE9F6E2B626DB500910766 /* model.swift */; };
		A4CE9F7E2B63D41400910766 /* matrix.metal in Sources */ = {isa = PBXBuildFile; fileRef = A4CE9F7D2B63D41400910766 /* matrix.metal */; };
		A4CE9F802B63D82F00910766 /* .gitignore in Resources */ = {isa = PBXBuildFile; fileRef = A4CE9F7F2B63D82F00910766 /* .gitignore */; };
		A4FB86D42BCA4B7A0093C9BE /* server.swift in Sources */ = {isa = PBXBuildFile; fileRef = A4FB86D32BCA4B7A0093C9BE /* server.swift */; };
		A4FB86D92BCA50F00093C9BE /* runNetwork.swift in Sources */ = {isa = PBXBuildFile; fileRef = A4FB86D82BCA50F00093C9BE /* runNetwork.swift */; };
		A4FB86DB2BCA867A0093C9BE /* benchmark.py in Resources */ = {isa = PBXBuildFile; fileRef = A4FB86DA2BCA867A0093C9BE /* benchmark.py */; };
		A4FB86DD2BCAA1100093C9BE /* benchmark.swift in Sources */ = {isa = PBXBuildFile; fileRef = A4FB86DC2BCAA1100093C9BE /* benchmark.swift */; };
		A4FB86E12BCBAE220093C9BE /* convert-boolq.py in Resources */ = {isa = PBXBuildFile; fileRef = A4FB86E02BCBAE220093C9BE /* convert-boolq.py */; };
		A4FB86E32BCBAFC40093C9BE /* boolq.py in Resources */ = {isa = PBXBuildFile; fileRef = A4FB86E22BCBAFC40093C9BE /* boolq.py */; };
/* End PBXBuildFile section */

/* Begin PBXCopyFilesBuildPhase section */
		A4AB4DBF2B6144350098B05D /* CopyFiles */ = {
			isa = PBXCopyFilesBuildPhase;
			buildActionMask = 8;
			dstPath = "";
			dstSubfolderSpec = 7;
			files = (
			);
			runOnlyForDeploymentPostprocessing = 1;
		};
/* End PBXCopyFilesBuildPhase section */

/* Begin PBXFileReference section */
		A40B31952B9DAAA300095AF5 /* aux.metal */ = {isa = PBXFileReference; lastKnownFileType = sourcecode.metal; path = aux.metal; sourceTree = "<group>"; };
		A40B31972B9F476800095AF5 /* gpu.swift */ = {isa = PBXFileReference; lastKnownFileType = sourcecode.swift; path = gpu.swift; sourceTree = "<group>"; };
		A40B31992BA06D5800095AF5 /* info.plist */ = {isa = PBXFileReference; lastKnownFileType = text.plist.xml; path = info.plist; sourceTree = "<group>"; };
		A4260AEC2BB0CC0900DB76DA /* playground.swift */ = {isa = PBXFileReference; lastKnownFileType = sourcecode.swift; path = playground.swift; sourceTree = "<group>"; };
		A4260AEE2BB1B16F00DB76DA /* tokeniser.swift */ = {isa = PBXFileReference; lastKnownFileType = sourcecode.swift; path = tokeniser.swift; sourceTree = "<group>"; };
		A429EFEE2BA81B7600B25B68 /* mps.swift */ = {isa = PBXFileReference; lastKnownFileType = sourcecode.swift; path = mps.swift; sourceTree = "<group>"; };
		A433615C2BC41357006C12E9 /* tester.swift */ = {isa = PBXFileReference; lastKnownFileType = sourcecode.swift; path = tester.swift; sourceTree = "<group>"; };
		A433615E2BC414C4006C12E9 /* convert.swift */ = {isa = PBXFileReference; lastKnownFileType = sourcecode.swift; path = convert.swift; sourceTree = "<group>"; };
		A43361602BC4203E006C12E9 /* convert.metal */ = {isa = PBXFileReference; lastKnownFileType = sourcecode.metal; path = convert.metal; sourceTree = "<group>"; };
		A43361622BC43E7E006C12E9 /* bucketMulQ8.swift */ = {isa = PBXFileReference; lastKnownFileType = sourcecode.swift; path = bucketMulQ8.swift; sourceTree = "<group>"; };
		A43361642BC43E8C006C12E9 /* bucketMulQ8.metal */ = {isa = PBXFileReference; lastKnownFileType = sourcecode.metal; path = bucketMulQ8.metal; sourceTree = "<group>"; };
		A43361662BC54BE5006C12E9 /* bucketMul.swift */ = {isa = PBXFileReference; lastKnownFileType = sourcecode.swift; path = bucketMul.swift; sourceTree = "<group>"; };
		A43361682BC58FB5006C12E9 /* bucketMul.metal */ = {isa = PBXFileReference; lastKnownFileType = sourcecode.metal; path = bucketMul.metal; sourceTree = "<group>"; };
		A433616A2BC5EA47006C12E9 /* wild.metal */ = {isa = PBXFileReference; lastKnownFileType = sourcecode.metal; path = wild.metal; sourceTree = "<group>"; };
		A43F8F972B6CF5C800578E56 /* loader.swift */ = {isa = PBXFileReference; lastKnownFileType = sourcecode.swift; path = loader.swift; sourceTree = "<group>"; };
		A445AABE2BAF5B63003AD4E7 /* archive.swift */ = {isa = PBXFileReference; lastKnownFileType = sourcecode.swift; path = archive.swift; sourceTree = "<group>"; };
		A456C2BC2BC7FC2500C7B79F /* expertMul.swift */ = {isa = PBXFileReference; lastKnownFileType = sourcecode.swift; path = expertMul.swift; sourceTree = "<group>"; };
		A456C2BF2BC9129B00C7B79F /* bucketMulFaster.swift */ = {isa = PBXFileReference; lastKnownFileType = sourcecode.swift; path = bucketMulFaster.swift; sourceTree = "<group>"; };
		A456C2C12BC912B700C7B79F /* bucketMulFaster.metal */ = {isa = PBXFileReference; lastKnownFileType = sourcecode.metal; path = bucketMulFaster.metal; sourceTree = "<group>"; };
		A45C6C912BAEC56D004AE765 /* timeit.swift */ = {isa = PBXFileReference; lastKnownFileType = sourcecode.swift; path = timeit.swift; sourceTree = "<group>"; };
		A45D52FD2BC3DD87007E484D /* safetensors.swift */ = {isa = PBXFileReference; lastKnownFileType = sourcecode.swift; path = safetensors.swift; sourceTree = "<group>"; };
		A46F18DF2BB76FAA00A630B4 /* bam.swift */ = {isa = PBXFileReference; lastKnownFileType = sourcecode.swift; path = bam.swift; sourceTree = "<group>"; };
		A4735A1E2BBAC8DF00E5AC05 /* tokeniser2.swift */ = {isa = PBXFileReference; lastKnownFileType = sourcecode.swift; path = tokeniser2.swift; sourceTree = "<group>"; };
		A4AB4DC12B6144350098B05D /* mul_col */ = {isa = PBXFileReference; explicitFileType = "compiled.mach-o.executable"; includeInIndex = 0; path = mul_col; sourceTree = BUILT_PRODUCTS_DIR; };
		A4AB4DC42B6144350098B05D /* main.swift */ = {isa = PBXFileReference; lastKnownFileType = sourcecode.swift; path = main.swift; sourceTree = "<group>"; };
		A4CE9F6E2B626DB500910766 /* model.swift */ = {isa = PBXFileReference; lastKnownFileType = sourcecode.swift; path = model.swift; sourceTree = "<group>"; };
		A4CE9F7D2B63D41400910766 /* matrix.metal */ = {isa = PBXFileReference; lastKnownFileType = sourcecode.metal; path = matrix.metal; sourceTree = "<group>"; };
		A4CE9F7F2B63D82F00910766 /* .gitignore */ = {isa = PBXFileReference; lastKnownFileType = text; path = .gitignore; sourceTree = "<group>"; };
		A4FB86D32BCA4B7A0093C9BE /* server.swift */ = {isa = PBXFileReference; lastKnownFileType = sourcecode.swift; path = server.swift; sourceTree = "<group>"; };
		A4FB86D82BCA50F00093C9BE /* runNetwork.swift */ = {isa = PBXFileReference; lastKnownFileType = sourcecode.swift; path = runNetwork.swift; sourceTree = "<group>"; };
		A4FB86DA2BCA867A0093C9BE /* benchmark.py */ = {isa = PBXFileReference; lastKnownFileType = text.script.python; path = benchmark.py; sourceTree = "<group>"; };
		A4FB86DC2BCAA1100093C9BE /* benchmark.swift */ = {isa = PBXFileReference; lastKnownFileType = sourcecode.swift; path = benchmark.swift; sourceTree = "<group>"; };
		A4FB86E02BCBAE220093C9BE /* convert-boolq.py */ = {isa = PBXFileReference; lastKnownFileType = text.script.python; path = "convert-boolq.py"; sourceTree = "<group>"; };
		A4FB86E22BCBAFC40093C9BE /* boolq.py */ = {isa = PBXFileReference; fileEncoding = 4; lastKnownFileType = text.script.python; path = boolq.py; sourceTree = "<group>"; };
/* End PBXFileReference section */

/* Begin PBXFrameworksBuildPhase section */
		A4AB4DBE2B6144350098B05D /* Frameworks */ = {
			isa = PBXFrameworksBuildPhase;
			buildActionMask = 2147483647;
			files = (
			);
			runOnlyForDeploymentPostprocessing = 0;
		};
/* End PBXFrameworksBuildPhase section */

/* Begin PBXGroup section */
		A456C2BE2BC845AB00C7B79F /* helpers */ = {
			isa = PBXGroup;
			children = (
				A433615C2BC41357006C12E9 /* tester.swift */,
				A40B31972B9F476800095AF5 /* gpu.swift */,
				A445AABE2BAF5B63003AD4E7 /* archive.swift */,
				A45D52FD2BC3DD87007E484D /* safetensors.swift */,
				A429EFEE2BA81B7600B25B68 /* mps.swift */,
				A46F18DF2BB76FAA00A630B4 /* bam.swift */,
				A4260AEE2BB1B16F00DB76DA /* tokeniser.swift */,
				A4735A1E2BBAC8DF00E5AC05 /* tokeniser2.swift */,
				A45C6C912BAEC56D004AE765 /* timeit.swift */,
			);
			path = helpers;
			sourceTree = "<group>";
		};
		A4AB4DB82B6144350098B05D = {
			isa = PBXGroup;
			children = (
				A456C2BE2BC845AB00C7B79F /* helpers */,
				A4FB86DF2BCBA9850093C9BE /* benchmarks */,
				A4FB86D82BCA50F00093C9BE /* runNetwork.swift */,
				A4260AEC2BB0CC0900DB76DA /* playground.swift */,
				A4AB4DC42B6144350098B05D /* main.swift */,
				A4FB86D32BCA4B7A0093C9BE /* server.swift */,
				A43F8F972B6CF5C800578E56 /* loader.swift */,
				A4CE9F6E2B626DB500910766 /* model.swift */,
				A456C2BC2BC7FC2500C7B79F /* expertMul.swift */,
				A43361662BC54BE5006C12E9 /* bucketMul.swift */,
				A43361682BC58FB5006C12E9 /* bucketMul.metal */,
				A456C2C12BC912B700C7B79F /* bucketMulFaster.metal */,
				A456C2BF2BC9129B00C7B79F /* bucketMulFaster.swift */,
				A43361622BC43E7E006C12E9 /* bucketMulQ8.swift */,
				A43361642BC43E8C006C12E9 /* bucketMulQ8.metal */,
				A433615E2BC414C4006C12E9 /* convert.swift */,
				A43361602BC4203E006C12E9 /* convert.metal */,
				A40B31992BA06D5800095AF5 /* info.plist */,
				A40B31952B9DAAA300095AF5 /* aux.metal */,
				A4CE9F7D2B63D41400910766 /* matrix.metal */,
				A4CE9F7F2B63D82F00910766 /* .gitignore */,
				A433616A2BC5EA47006C12E9 /* wild.metal */,
				A4AB4DC22B6144350098B05D /* Products */,
			);
			sourceTree = "<group>";
		};
		A4AB4DC22B6144350098B05D /* Products */ = {
			isa = PBXGroup;
			children = (
				A4AB4DC12B6144350098B05D /* mul_col */,
			);
			name = Products;
			sourceTree = "<group>";
		};
		A4FB86DE2BCBA9850093C9BE /* data */ = {
			isa = PBXGroup;
			children = (
			);
			path = data;
			sourceTree = "<group>";
		};
		A4FB86DF2BCBA9850093C9BE /* benchmarks */ = {
			isa = PBXGroup;
			children = (
				A4FB86E22BCBAFC40093C9BE /* boolq.py */,
				A4FB86DC2BCAA1100093C9BE /* benchmark.swift */,
				A4FB86E02BCBAE220093C9BE /* convert-boolq.py */,
				A4FB86DA2BCA867A0093C9BE /* benchmark.py */,
				A4FB86DE2BCBA9850093C9BE /* data */,
			);
			path = benchmarks;
			sourceTree = "<group>";
		};
/* End PBXGroup section */

/* Begin PBXNativeTarget section */
		A4AB4DC02B6144350098B05D /* mul_col */ = {
			isa = PBXNativeTarget;
			buildConfigurationList = A4AB4DC82B6144350098B05D /* Build configuration list for PBXNativeTarget "mul_col" */;
			buildPhases = (
				A4AB4DBD2B6144350098B05D /* Sources */,
				A4AB4DBE2B6144350098B05D /* Frameworks */,
				A4AB4DBF2B6144350098B05D /* CopyFiles */,
				A4CE9F742B6270B700910766 /* Resources */,
			);
			buildRules = (
			);
			dependencies = (
			);
			name = mul_col;
			packageProductDependencies = (
			);
			productName = mul_col;
			productReference = A4AB4DC12B6144350098B05D /* mul_col */;
			productType = "com.apple.product-type.tool";
		};
/* End PBXNativeTarget section */

/* Begin PBXProject section */
		A4AB4DB92B6144350098B05D /* Project object */ = {
			isa = PBXProject;
			attributes = {
				BuildIndependentTargetsInParallel = 1;
				LastSwiftUpdateCheck = 1520;
				LastUpgradeCheck = 1530;
				TargetAttributes = {
					A4AB4DC02B6144350098B05D = {
						CreatedOnToolsVersion = 15.2;
					};
				};
			};
			buildConfigurationList = A4AB4DBC2B6144350098B05D /* Build configuration list for PBXProject "mul_col" */;
			compatibilityVersion = "Xcode 14.0";
			developmentRegion = en;
			hasScannedForEncodings = 0;
			knownRegions = (
				en,
				Base,
			);
			mainGroup = A4AB4DB82B6144350098B05D;
			packageReferences = (
				A4FB86C82BCA49A50093C9BE /* XCRemoteSwiftPackageReference "swift-nio" */,
			);
			productRefGroup = A4AB4DC22B6144350098B05D /* Products */;
			projectDirPath = "";
			projectRoot = "";
			targets = (
				A4AB4DC02B6144350098B05D /* mul_col */,
			);
		};
/* End PBXProject section */

/* Begin PBXResourcesBuildPhase section */
		A4CE9F742B6270B700910766 /* Resources */ = {
			isa = PBXResourcesBuildPhase;
			buildActionMask = 2147483647;
			files = (
				A4FB86DB2BCA867A0093C9BE /* benchmark.py in Resources */,
				A4FB86E12BCBAE220093C9BE /* convert-boolq.py in Resources */,
				A4CE9F802B63D82F00910766 /* .gitignore in Resources */,
				A40B319A2BA06D5800095AF5 /* info.plist in Resources */,
				A4FB86E32BCBAFC40093C9BE /* boolq.py in Resources */,
			);
			runOnlyForDeploymentPostprocessing = 0;
		};
/* End PBXResourcesBuildPhase section */

/* Begin PBXSourcesBuildPhase section */
		A4AB4DBD2B6144350098B05D /* Sources */ = {
			isa = PBXSourcesBuildPhase;
			buildActionMask = 2147483647;
			files = (
				A45C6C922BAEC56E004AE765 /* timeit.swift in Sources */,
				A456C2C02BC9129B00C7B79F /* bucketMulFaster.swift in Sources */,
				A433615F2BC414C4006C12E9 /* convert.swift in Sources */,
				A43361672BC54BE5006C12E9 /* bucketMul.swift in Sources */,
				A4735A1F2BBAC8DF00E5AC05 /* tokeniser2.swift in Sources */,
				A445AABF2BAF5B63003AD4E7 /* archive.swift in Sources */,
				A4AB4DC52B6144350098B05D /* main.swift in Sources */,
				A4CE9F7E2B63D41400910766 /* matrix.metal in Sources */,
				A456C2BD2BC7FC2500C7B79F /* expertMul.swift in Sources */,
				A456C2C22BC912B700C7B79F /* bucketMulFaster.metal in Sources */,
				A4CE9F6F2B626DB500910766 /* model.swift in Sources */,
				A46F18E02BB76FAA00A630B4 /* bam.swift in Sources */,
				A43361692BC58FB5006C12E9 /* bucketMul.metal in Sources */,
				A433615D2BC41357006C12E9 /* tester.swift in Sources */,
				A45D52FE2BC3DD87007E484D /* safetensors.swift in Sources */,
				A4260AEF2BB1B16F00DB76DA /* tokeniser.swift in Sources */,
				A433616B2BC5EA47006C12E9 /* wild.metal in Sources */,
				A43361632BC43E7E006C12E9 /* bucketMulQ8.swift in Sources */,
				A429EFEF2BA81B7600B25B68 /* mps.swift in Sources */,
				A43361612BC4203E006C12E9 /* convert.metal in Sources */,
				A43361652BC43E8C006C12E9 /* bucketMulQ8.metal in Sources */,
				A4FB86DD2BCAA1100093C9BE /* benchmark.swift in Sources */,
				A40B31962B9DAAA300095AF5 /* aux.metal in Sources */,
				A40B31982B9F476800095AF5 /* gpu.swift in Sources */,
				A4FB86D92BCA50F00093C9BE /* runNetwork.swift in Sources */,
				A4260AED2BB0CC0900DB76DA /* playground.swift in Sources */,
				A4FB86D42BCA4B7A0093C9BE /* server.swift in Sources */,
				A43F8F982B6CF5C800578E56 /* loader.swift in Sources */,
			);
			runOnlyForDeploymentPostprocessing = 0;
		};
/* End PBXSourcesBuildPhase section */

/* Begin XCBuildConfiguration section */
		A4AB4DC62B6144350098B05D /* Debug */ = {
			isa = XCBuildConfiguration;
			buildSettings = {
				ALWAYS_SEARCH_USER_PATHS = NO;
				ASSETCATALOG_COMPILER_GENERATE_SWIFT_ASSET_SYMBOL_EXTENSIONS = YES;
				CLANG_ANALYZER_NONNULL = YES;
				CLANG_ANALYZER_NUMBER_OBJECT_CONVERSION = YES_AGGRESSIVE;
				CLANG_CXX_LANGUAGE_STANDARD = "gnu++20";
				CLANG_ENABLE_MODULES = YES;
				CLANG_ENABLE_OBJC_ARC = YES;
				CLANG_ENABLE_OBJC_WEAK = YES;
				CLANG_WARN_BLOCK_CAPTURE_AUTORELEASING = YES;
				CLANG_WARN_BOOL_CONVERSION = YES;
				CLANG_WARN_COMMA = YES;
				CLANG_WARN_CONSTANT_CONVERSION = YES;
				CLANG_WARN_DEPRECATED_OBJC_IMPLEMENTATIONS = YES;
				CLANG_WARN_DIRECT_OBJC_ISA_USAGE = YES_ERROR;
				CLANG_WARN_DOCUMENTATION_COMMENTS = YES;
				CLANG_WARN_EMPTY_BODY = YES;
				CLANG_WARN_ENUM_CONVERSION = YES;
				CLANG_WARN_INFINITE_RECURSION = YES;
				CLANG_WARN_INT_CONVERSION = YES;
				CLANG_WARN_NON_LITERAL_NULL_CONVERSION = YES;
				CLANG_WARN_OBJC_IMPLICIT_RETAIN_SELF = YES;
				CLANG_WARN_OBJC_LITERAL_CONVERSION = YES;
				CLANG_WARN_OBJC_ROOT_CLASS = YES_ERROR;
				CLANG_WARN_QUOTED_INCLUDE_IN_FRAMEWORK_HEADER = YES;
				CLANG_WARN_RANGE_LOOP_ANALYSIS = YES;
				CLANG_WARN_STRICT_PROTOTYPES = YES;
				CLANG_WARN_SUSPICIOUS_MOVE = YES;
				CLANG_WARN_UNGUARDED_AVAILABILITY = YES_AGGRESSIVE;
				CLANG_WARN_UNREACHABLE_CODE = YES;
				CLANG_WARN__DUPLICATE_METHOD_MATCH = YES;
				COPY_PHASE_STRIP = NO;
				DEBUG_INFORMATION_FORMAT = dwarf;
				ENABLE_STRICT_OBJC_MSGSEND = YES;
				ENABLE_TESTABILITY = YES;
				ENABLE_USER_SCRIPT_SANDBOXING = YES;
				GCC_C_LANGUAGE_STANDARD = gnu17;
				GCC_DYNAMIC_NO_PIC = NO;
				GCC_NO_COMMON_BLOCKS = YES;
				GCC_OPTIMIZATION_LEVEL = 0;
				GCC_PREPROCESSOR_DEFINITIONS = (
					"DEBUG=1",
					"$(inherited)",
				);
				GCC_WARN_64_TO_32_BIT_CONVERSION = YES;
				GCC_WARN_ABOUT_RETURN_TYPE = YES_ERROR;
				GCC_WARN_UNDECLARED_SELECTOR = YES;
				GCC_WARN_UNINITIALIZED_AUTOS = YES_AGGRESSIVE;
				GCC_WARN_UNUSED_FUNCTION = YES;
				GCC_WARN_UNUSED_VARIABLE = YES;
				LOCALIZATION_PREFERS_STRING_CATALOGS = YES;
				MACOSX_DEPLOYMENT_TARGET = 14.4;
				MTL_ENABLE_DEBUG_INFO = INCLUDE_SOURCE;
				MTL_FAST_MATH = YES;
				ONLY_ACTIVE_ARCH = YES;
				SDKROOT = macosx14.4;
				SWIFT_ACTIVE_COMPILATION_CONDITIONS = "DEBUG $(inherited)";
				SWIFT_OPTIMIZATION_LEVEL = "-Onone";
			};
			name = Debug;
		};
		A4AB4DC72B6144350098B05D /* Release */ = {
			isa = XCBuildConfiguration;
			buildSettings = {
				ALWAYS_SEARCH_USER_PATHS = NO;
				ASSETCATALOG_COMPILER_GENERATE_SWIFT_ASSET_SYMBOL_EXTENSIONS = YES;
				CLANG_ANALYZER_NONNULL = YES;
				CLANG_ANALYZER_NUMBER_OBJECT_CONVERSION = YES_AGGRESSIVE;
				CLANG_CXX_LANGUAGE_STANDARD = "gnu++20";
				CLANG_ENABLE_MODULES = YES;
				CLANG_ENABLE_OBJC_ARC = YES;
				CLANG_ENABLE_OBJC_WEAK = YES;
				CLANG_WARN_BLOCK_CAPTURE_AUTORELEASING = YES;
				CLANG_WARN_BOOL_CONVERSION = YES;
				CLANG_WARN_COMMA = YES;
				CLANG_WARN_CONSTANT_CONVERSION = YES;
				CLANG_WARN_DEPRECATED_OBJC_IMPLEMENTATIONS = YES;
				CLANG_WARN_DIRECT_OBJC_ISA_USAGE = YES_ERROR;
				CLANG_WARN_DOCUMENTATION_COMMENTS = YES;
				CLANG_WARN_EMPTY_BODY = YES;
				CLANG_WARN_ENUM_CONVERSION = YES;
				CLANG_WARN_INFINITE_RECURSION = YES;
				CLANG_WARN_INT_CONVERSION = YES;
				CLANG_WARN_NON_LITERAL_NULL_CONVERSION = YES;
				CLANG_WARN_OBJC_IMPLICIT_RETAIN_SELF = YES;
				CLANG_WARN_OBJC_LITERAL_CONVERSION = YES;
				CLANG_WARN_OBJC_ROOT_CLASS = YES_ERROR;
				CLANG_WARN_QUOTED_INCLUDE_IN_FRAMEWORK_HEADER = YES;
				CLANG_WARN_RANGE_LOOP_ANALYSIS = YES;
				CLANG_WARN_STRICT_PROTOTYPES = YES;
				CLANG_WARN_SUSPICIOUS_MOVE = YES;
				CLANG_WARN_UNGUARDED_AVAILABILITY = YES_AGGRESSIVE;
				CLANG_WARN_UNREACHABLE_CODE = YES;
				CLANG_WARN__DUPLICATE_METHOD_MATCH = YES;
				COPY_PHASE_STRIP = NO;
				DEBUG_INFORMATION_FORMAT = "dwarf-with-dsym";
				ENABLE_NS_ASSERTIONS = NO;
				ENABLE_STRICT_OBJC_MSGSEND = YES;
				ENABLE_USER_SCRIPT_SANDBOXING = YES;
				GCC_C_LANGUAGE_STANDARD = gnu17;
				GCC_NO_COMMON_BLOCKS = YES;
				GCC_WARN_64_TO_32_BIT_CONVERSION = YES;
				GCC_WARN_ABOUT_RETURN_TYPE = YES_ERROR;
				GCC_WARN_UNDECLARED_SELECTOR = YES;
				GCC_WARN_UNINITIALIZED_AUTOS = YES_AGGRESSIVE;
				GCC_WARN_UNUSED_FUNCTION = YES;
				GCC_WARN_UNUSED_VARIABLE = YES;
				LOCALIZATION_PREFERS_STRING_CATALOGS = YES;
				MACOSX_DEPLOYMENT_TARGET = 14.4;
				MTL_ENABLE_DEBUG_INFO = NO;
				MTL_FAST_MATH = YES;
				ONLY_ACTIVE_ARCH = YES;
				SDKROOT = macosx14.4;
				SWIFT_COMPILATION_MODE = wholemodule;
			};
			name = Release;
		};
		A4AB4DC92B6144350098B05D /* Debug */ = {
			isa = XCBuildConfiguration;
			buildSettings = {
				CODE_SIGN_STYLE = Automatic;
				PRODUCT_NAME = "$(TARGET_NAME)";
				SWIFT_VERSION = 5.0;
			};
			name = Debug;
		};
		A4AB4DCA2B6144350098B05D /* Release */ = {
			isa = XCBuildConfiguration;
			buildSettings = {
				CODE_SIGN_STYLE = Automatic;
				PRODUCT_NAME = "$(TARGET_NAME)";
				SWIFT_VERSION = 5.0;
			};
			name = Release;
		};
/* End XCBuildConfiguration section */

/* Begin XCConfigurationList section */
		A4AB4DBC2B6144350098B05D /* Build configuration list for PBXProject "mul_col" */ = {
			isa = XCConfigurationList;
			buildConfigurations = (
				A4AB4DC62B6144350098B05D /* Debug */,
				A4AB4DC72B6144350098B05D /* Release */,
			);
			defaultConfigurationIsVisible = 0;
			defaultConfigurationName = Release;
		};
		A4AB4DC82B6144350098B05D /* Build configuration list for PBXNativeTarget "mul_col" */ = {
			isa = XCConfigurationList;
			buildConfigurations = (
				A4AB4DC92B6144350098B05D /* Debug */,
				A4AB4DCA2B6144350098B05D /* Release */,
			);
			defaultConfigurationIsVisible = 0;
			defaultConfigurationName = Release;
		};
/* End XCConfigurationList section */

/* Begin XCRemoteSwiftPackageReference section */
		A4FB86C82BCA49A50093C9BE /* XCRemoteSwiftPackageReference "swift-nio" */ = {
			isa = XCRemoteSwiftPackageReference;
			repositoryURL = "https://github.com/apple/swift-nio.git";
			requirement = {
				kind = upToNextMajorVersion;
				minimumVersion = 2.64.0;
			};
		};
/* End XCRemoteSwiftPackageReference section */
	};
	rootObject = A4AB4DB92B6144350098B05D /* Project object */;
}
